// !$*UTF8*$!
{
	archiveVersion = 1;
	classes = {
	};
	objectVersion = 46;
	objects = {

/* Begin PBXBuildFile section */
		1960665D16F57D3B008FFBDF /* iOS_main.mm in Sources */ = {isa = PBXBuildFile; fileRef = 1960664D16F57D3B008FFBDF /* iOS_main.mm */; };
		1960665E16F57D3B008FFBDF /* main.m in Sources */ = {isa = PBXBuildFile; fileRef = 1960664F16F57D3B008FFBDF /* main.m */; };
		1960665F16F57D3B008FFBDF /* WLAppDelegate.mm in Sources */ = {isa = PBXBuildFile; fileRef = 1960665116F57D3B008FFBDF /* WLAppDelegate.mm */; };
		1960666016F57D3B008FFBDF /* WLViewController.mm in Sources */ = {isa = PBXBuildFile; fileRef = 1960665316F57D3B008FFBDF /* WLViewController.mm */; };
		1960666116F57D3B008FFBDF /* Bitmap.cpp in Sources */ = {isa = PBXBuildFile; fileRef = 1960665516F57D3B008FFBDF /* Bitmap.cpp */; };
		1960666216F57D3B008FFBDF /* Program.cpp in Sources */ = {isa = PBXBuildFile; fileRef = 1960665716F57D3B008FFBDF /* Program.cpp */; };
		1960666316F57D3B008FFBDF /* Shader.cpp in Sources */ = {isa = PBXBuildFile; fileRef = 1960665916F57D3B008FFBDF /* Shader.cpp */; };
		1960666416F57D3B008FFBDF /* Texture.cpp in Sources */ = {isa = PBXBuildFile; fileRef = 1960665B16F57D3B008FFBDF /* Texture.cpp */; };
		1960666D16F57D7B008FFBDF /* fragment-shader.txt in Resources */ = {isa = PBXBuildFile; fileRef = 1960666916F57D7B008FFBDF /* fragment-shader.txt */; };
		1960666F16F57D7B008FFBDF /* vertex-shader.txt in Resources */ = {isa = PBXBuildFile; fileRef = 1960666B16F57D7B008FFBDF /* vertex-shader.txt */; };
		1960667116F594A7008FFBDF /* wooden-crate.jpg in Resources */ = {isa = PBXBuildFile; fileRef = 1960667016F594A7008FFBDF /* wooden-crate.jpg */; };
		198F9C2216F5685900316EC8 /* UIKit.framework in Frameworks */ = {isa = PBXBuildFile; fileRef = 198F9C2116F5685900316EC8 /* UIKit.framework */; };
		198F9C2416F5685900316EC8 /* Foundation.framework in Frameworks */ = {isa = PBXBuildFile; fileRef = 198F9C2316F5685900316EC8 /* Foundation.framework */; };
		198F9C2616F5685900316EC8 /* CoreGraphics.framework in Frameworks */ = {isa = PBXBuildFile; fileRef = 198F9C2516F5685900316EC8 /* CoreGraphics.framework */; };
		198F9C2816F5685900316EC8 /* GLKit.framework in Frameworks */ = {isa = PBXBuildFile; fileRef = 198F9C2716F5685900316EC8 /* GLKit.framework */; };
		198F9C2A16F5685900316EC8 /* OpenGLES.framework in Frameworks */ = {isa = PBXBuildFile; fileRef = 198F9C2916F5685900316EC8 /* OpenGLES.framework */; };
		198F9C6C16F569CC00316EC8 /* Default-568h@2x.png in Resources */ = {isa = PBXBuildFile; fileRef = 198F9C6016F569CC00316EC8 /* Default-568h@2x.png */; };
		198F9C6D16F569CC00316EC8 /* Default.png in Resources */ = {isa = PBXBuildFile; fileRef = 198F9C6116F569CC00316EC8 /* Default.png */; };
		198F9C6E16F569CC00316EC8 /* Default@2x.png in Resources */ = {isa = PBXBuildFile; fileRef = 198F9C6216F569CC00316EC8 /* Default@2x.png */; };
/* End PBXBuildFile section */

/* Begin PBXFileReference section */
		1960664C16F57D3B008FFBDF /* iOS_main.h */ = {isa = PBXFileReference; fileEncoding = 4; lastKnownFileType = sourcecode.c.h; path = iOS_main.h; sourceTree = "<group>"; };
		1960664D16F57D3B008FFBDF /* iOS_main.mm */ = {isa = PBXFileReference; fileEncoding = 4; lastKnownFileType = sourcecode.cpp.objcpp; path = iOS_main.mm; sourceTree = "<group>"; };
		1960664F16F57D3B008FFBDF /* main.m */ = {isa = PBXFileReference; fileEncoding = 4; lastKnownFileType = sourcecode.c.objc; path = main.m; sourceTree = "<group>"; };
		1960665016F57D3B008FFBDF /* WLAppDelegate.h */ = {isa = PBXFileReference; fileEncoding = 4; lastKnownFileType = sourcecode.c.h; path = WLAppDelegate.h; sourceTree = "<group>"; };
		1960665116F57D3B008FFBDF /* WLAppDelegate.mm */ = {isa = PBXFileReference; fileEncoding = 4; lastKnownFileType = sourcecode.cpp.objcpp; path = WLAppDelegate.mm; sourceTree = "<group>"; };
		1960665216F57D3B008FFBDF /* WLViewController.h */ = {isa = PBXFileReference; fileEncoding = 4; lastKnownFileType = sourcecode.c.h; path = WLViewController.h; sourceTree = "<group>"; };
		1960665316F57D3B008FFBDF /* WLViewController.mm */ = {isa = PBXFileReference; fileEncoding = 4; lastKnownFileType = sourcecode.cpp.objcpp; path = WLViewController.mm; sourceTree = "<group>"; };
		1960665516F57D3B008FFBDF /* Bitmap.cpp */ = {isa = PBXFileReference; fileEncoding = 4; lastKnownFileType = sourcecode.cpp.cpp; path = Bitmap.cpp; sourceTree = "<group>"; };
		1960665616F57D3B008FFBDF /* Bitmap.h */ = {isa = PBXFileReference; fileEncoding = 4; lastKnownFileType = sourcecode.c.h; path = Bitmap.h; sourceTree = "<group>"; };
		1960665716F57D3B008FFBDF /* Program.cpp */ = {isa = PBXFileReference; fileEncoding = 4; lastKnownFileType = sourcecode.cpp.cpp; path = Program.cpp; sourceTree = "<group>"; };
		1960665816F57D3B008FFBDF /* Program.h */ = {isa = PBXFileReference; fileEncoding = 4; lastKnownFileType = sourcecode.c.h; path = Program.h; sourceTree = "<group>"; };
		1960665916F57D3B008FFBDF /* Shader.cpp */ = {isa = PBXFileReference; fileEncoding = 4; lastKnownFileType = sourcecode.cpp.cpp; path = Shader.cpp; sourceTree = "<group>"; };
		1960665A16F57D3B008FFBDF /* Shader.h */ = {isa = PBXFileReference; fileEncoding = 4; lastKnownFileType = sourcecode.c.h; path = Shader.h; sourceTree = "<group>"; };
		1960665B16F57D3B008FFBDF /* Texture.cpp */ = {isa = PBXFileReference; fileEncoding = 4; lastKnownFileType = sourcecode.cpp.cpp; path = Texture.cpp; sourceTree = "<group>"; };
		1960665C16F57D3B008FFBDF /* Texture.h */ = {isa = PBXFileReference; fileEncoding = 4; lastKnownFileType = sourcecode.c.h; path = Texture.h; sourceTree = "<group>"; };
		1960666716F57D7B008FFBDF /* stb_image.c */ = {isa = PBXFileReference; fileEncoding = 4; lastKnownFileType = sourcecode.c.c; path = stb_image.c; sourceTree = "<group>"; };
		1960666916F57D7B008FFBDF /* fragment-shader.txt */ = {isa = PBXFileReference; explicitFileType = sourcecode.glsl; fileEncoding = 4; path = "fragment-shader.txt"; sourceTree = "<group>"; };
		1960666B16F57D7B008FFBDF /* vertex-shader.txt */ = {isa = PBXFileReference; explicitFileType = sourcecode.glsl; fileEncoding = 4; path = "vertex-shader.txt"; sourceTree = "<group>"; };
		1960667016F594A7008FFBDF /* wooden-crate.jpg */ = {isa = PBXFileReference; lastKnownFileType = image.jpeg; path = "wooden-crate.jpg"; sourceTree = "<group>"; };
		198F9C1E16F5685900316EC8 /* 01_project_skeleton.app */ = {isa = PBXFileReference; explicitFileType = wrapper.application; includeInIndex = 0; name = 01_project_skeleton.app; path = "article-02-textures.app"; sourceTree = BUILT_PRODUCTS_DIR; };
		198F9C2116F5685900316EC8 /* UIKit.framework */ = {isa = PBXFileReference; lastKnownFileType = wrapper.framework; name = UIKit.framework; path = System/Library/Frameworks/UIKit.framework; sourceTree = SDKROOT; };
		198F9C2316F5685900316EC8 /* Foundation.framework */ = {isa = PBXFileReference; lastKnownFileType = wrapper.framework; name = Foundation.framework; path = System/Library/Frameworks/Foundation.framework; sourceTree = SDKROOT; };
		198F9C2516F5685900316EC8 /* CoreGraphics.framework */ = {isa = PBXFileReference; lastKnownFileType = wrapper.framework; name = CoreGraphics.framework; path = System/Library/Frameworks/CoreGraphics.framework; sourceTree = SDKROOT; };
		198F9C2716F5685900316EC8 /* GLKit.framework */ = {isa = PBXFileReference; lastKnownFileType = wrapper.framework; name = GLKit.framework; path = System/Library/Frameworks/GLKit.framework; sourceTree = SDKROOT; };
		198F9C2916F5685900316EC8 /* OpenGLES.framework */ = {isa = PBXFileReference; lastKnownFileType = wrapper.framework; name = OpenGLES.framework; path = System/Library/Frameworks/OpenGLES.framework; sourceTree = SDKROOT; };
		198F9C5E16F569CC00316EC8 /* 01_project_skeleton-Info.plist */ = {isa = PBXFileReference; fileEncoding = 4; lastKnownFileType = text.plist.xml; path = "01_project_skeleton-Info.plist"; sourceTree = "<group>"; };
		198F9C5F16F569CC00316EC8 /* 01_project_skeleton-Prefix.pch */ = {isa = PBXFileReference; fileEncoding = 4; lastKnownFileType = sourcecode.c.h; path = "01_project_skeleton-Prefix.pch"; sourceTree = "<group>"; };
		198F9C6016F569CC00316EC8 /* Default-568h@2x.png */ = {isa = PBXFileReference; lastKnownFileType = image.png; path = "Default-568h@2x.png"; sourceTree = "<group>"; };
		198F9C6116F569CC00316EC8 /* Default.png */ = {isa = PBXFileReference; lastKnownFileType = image.png; path = Default.png; sourceTree = "<group>"; };
		198F9C6216F569CC00316EC8 /* Default@2x.png */ = {isa = PBXFileReference; lastKnownFileType = image.png; path = "Default@2x.png"; sourceTree = "<group>"; };
/* End PBXFileReference section */

/* Begin PBXFrameworksBuildPhase section */
		198F9C1B16F5685900316EC8 /* Frameworks */ = {
			isa = PBXFrameworksBuildPhase;
			buildActionMask = 2147483647;
			files = (
				198F9C2216F5685900316EC8 /* UIKit.framework in Frameworks */,
				198F9C2416F5685900316EC8 /* Foundation.framework in Frameworks */,
				198F9C2616F5685900316EC8 /* CoreGraphics.framework in Frameworks */,
				198F9C2816F5685900316EC8 /* GLKit.framework in Frameworks */,
				198F9C2A16F5685900316EC8 /* OpenGLES.framework in Frameworks */,
			);
			runOnlyForDeploymentPostprocessing = 0;
		};
/* End PBXFrameworksBuildPhase section */

/* Begin PBXGroup section */
		1960664B16F57D3B008FFBDF /* source */ = {
			isa = PBXGroup;
			children = (
				1960664C16F57D3B008FFBDF /* iOS_main.h */,
				1960664D16F57D3B008FFBDF /* iOS_main.mm */,
				1960664E16F57D3B008FFBDF /* ios_specific */,
				1960665416F57D3B008FFBDF /* tdogl */,
			);
			path = source;
			sourceTree = "<group>";
		};
		1960664E16F57D3B008FFBDF /* ios_specific */ = {
			isa = PBXGroup;
			children = (
				1960664F16F57D3B008FFBDF /* main.m */,
				1960665016F57D3B008FFBDF /* WLAppDelegate.h */,
				1960665116F57D3B008FFBDF /* WLAppDelegate.mm */,
				1960665216F57D3B008FFBDF /* WLViewController.h */,
				1960665316F57D3B008FFBDF /* WLViewController.mm */,
			);
			path = ios_specific;
			sourceTree = "<group>";
		};
		1960665416F57D3B008FFBDF /* tdogl */ = {
			isa = PBXGroup;
			children = (
				1960665516F57D3B008FFBDF /* Bitmap.cpp */,
				1960665616F57D3B008FFBDF /* Bitmap.h */,
				1960665716F57D3B008FFBDF /* Program.cpp */,
				1960665816F57D3B008FFBDF /* Program.h */,
				1960665916F57D3B008FFBDF /* Shader.cpp */,
				1960665A16F57D3B008FFBDF /* Shader.h */,
				1960665B16F57D3B008FFBDF /* Texture.cpp */,
				1960665C16F57D3B008FFBDF /* Texture.h */,
			);
			path = tdogl;
			sourceTree = "<group>";
		};
		1960666516F57D7B008FFBDF /* thirdparty */ = {
			isa = PBXGroup;
			children = (
				1960666616F57D7B008FFBDF /* stb_image */,
			);
			path = thirdparty;
			sourceTree = "<group>";
		};
		1960666616F57D7B008FFBDF /* stb_image */ = {
			isa = PBXGroup;
			children = (
				1960666716F57D7B008FFBDF /* stb_image.c */,
			);
			path = stb_image;
			sourceTree = "<group>";
		};
		1960666816F57D7B008FFBDF /* resources */ = {
			isa = PBXGroup;
			children = (
				1960667016F594A7008FFBDF /* wooden-crate.jpg */,
				1960666916F57D7B008FFBDF /* fragment-shader.txt */,
				1960666B16F57D7B008FFBDF /* vertex-shader.txt */,
			);
			path = resources;
			sourceTree = "<group>";
		};
		198F9C1516F5685900316EC8 = {
			isa = PBXGroup;
			children = (
				1960664B16F57D3B008FFBDF /* source */,
				198F9C5D16F569CC00316EC8 /* sys */,
				1960666516F57D7B008FFBDF /* thirdparty */,
				1960666816F57D7B008FFBDF /* resources */,
				198F9C2016F5685900316EC8 /* Frameworks */,
				198F9C1F16F5685900316EC8 /* Products */,
			);
			sourceTree = "<group>";
		};
		198F9C1F16F5685900316EC8 /* Products */ = {
			isa = PBXGroup;
			children = (
				198F9C1E16F5685900316EC8 /* 01_project_skeleton.app */,
			);
			name = Products;
			sourceTree = "<group>";
		};
		198F9C2016F5685900316EC8 /* Frameworks */ = {
			isa = PBXGroup;
			children = (
				198F9C2116F5685900316EC8 /* UIKit.framework */,
				198F9C2316F5685900316EC8 /* Foundation.framework */,
				198F9C2516F5685900316EC8 /* CoreGraphics.framework */,
				198F9C2716F5685900316EC8 /* GLKit.framework */,
				198F9C2916F5685900316EC8 /* OpenGLES.framework */,
			);
			name = Frameworks;
			sourceTree = "<group>";
		};
		198F9C5D16F569CC00316EC8 /* sys */ = {
			isa = PBXGroup;
			children = (
				198F9C5E16F569CC00316EC8 /* 01_project_skeleton-Info.plist */,
				198F9C5F16F569CC00316EC8 /* 01_project_skeleton-Prefix.pch */,
				198F9C6016F569CC00316EC8 /* Default-568h@2x.png */,
				198F9C6116F569CC00316EC8 /* Default.png */,
				198F9C6216F569CC00316EC8 /* Default@2x.png */,
			);
			path = sys;
			sourceTree = "<group>";
		};
/* End PBXGroup section */

/* Begin PBXNativeTarget section */
		198F9C1D16F5685900316EC8 /* 03_matrices */ = {
			isa = PBXNativeTarget;
			buildConfigurationList = 198F9C4C16F5685900316EC8 /* Build configuration list for PBXNativeTarget "03_matrices" */;
			buildPhases = (
				198F9C1A16F5685900316EC8 /* Sources */,
				198F9C1B16F5685900316EC8 /* Frameworks */,
				198F9C1C16F5685900316EC8 /* Resources */,
			);
			buildRules = (
			);
			dependencies = (
			);
			name = 03_matrices;
			productName = 01_project_skeleton;
			productReference = 198F9C1E16F5685900316EC8 /* 01_project_skeleton.app */;
			productType = "com.apple.product-type.application";
		};
/* End PBXNativeTarget section */

/* Begin PBXProject section */
		198F9C1616F5685900316EC8 /* Project object */ = {
			isa = PBXProject;
			attributes = {
				CLASSPREFIX = WL;
				LastUpgradeCheck = 0460;
				ORGANIZATIONNAME = whackylabs;
			};
			buildConfigurationList = 198F9C1916F5685900316EC8 /* Build configuration list for PBXProject "03_matrices" */;
			compatibilityVersion = "Xcode 3.2";
			developmentRegion = English;
			hasScannedForEncodings = 0;
			knownRegions = (
				en,
			);
			mainGroup = 198F9C1516F5685900316EC8;
			productRefGroup = 198F9C1F16F5685900316EC8 /* Products */;
			projectDirPath = "";
			projectRoot = "";
			targets = (
				198F9C1D16F5685900316EC8 /* 03_matrices */,
			);
		};
/* End PBXProject section */

/* Begin PBXResourcesBuildPhase section */
		198F9C1C16F5685900316EC8 /* Resources */ = {
			isa = PBXResourcesBuildPhase;
			buildActionMask = 2147483647;
			files = (
				198F9C6C16F569CC00316EC8 /* Default-568h@2x.png in Resources */,
				198F9C6D16F569CC00316EC8 /* Default.png in Resources */,
				198F9C6E16F569CC00316EC8 /* Default@2x.png in Resources */,
				1960666D16F57D7B008FFBDF /* fragment-shader.txt in Resources */,
				1960666F16F57D7B008FFBDF /* vertex-shader.txt in Resources */,
				1960667116F594A7008FFBDF /* wooden-crate.jpg in Resources */,
			);
			runOnlyForDeploymentPostprocessing = 0;
		};
/* End PBXResourcesBuildPhase section */

/* Begin PBXSourcesBuildPhase section */
		198F9C1A16F5685900316EC8 /* Sources */ = {
			isa = PBXSourcesBuildPhase;
			buildActionMask = 2147483647;
			files = (
				1960665D16F57D3B008FFBDF /* iOS_main.mm in Sources */,
				1960665E16F57D3B008FFBDF /* main.m in Sources */,
				1960665F16F57D3B008FFBDF /* WLAppDelegate.mm in Sources */,
				1960666016F57D3B008FFBDF /* WLViewController.mm in Sources */,
				1960666116F57D3B008FFBDF /* Bitmap.cpp in Sources */,
				1960666216F57D3B008FFBDF /* Program.cpp in Sources */,
				1960666316F57D3B008FFBDF /* Shader.cpp in Sources */,
				1960666416F57D3B008FFBDF /* Texture.cpp in Sources */,
			);
			runOnlyForDeploymentPostprocessing = 0;
		};
/* End PBXSourcesBuildPhase section */

/* Begin XCBuildConfiguration section */
		198F9C4A16F5685900316EC8 /* Debug */ = {
			isa = XCBuildConfiguration;
			buildSettings = {
				ALWAYS_SEARCH_USER_PATHS = NO;
				CLANG_CXX_LANGUAGE_STANDARD = "gnu++0x";
				CLANG_CXX_LIBRARY = "libc++";
				CLANG_WARN_CONSTANT_CONVERSION = YES;
				CLANG_WARN_EMPTY_BODY = YES;
				CLANG_WARN_ENUM_CONVERSION = YES;
				CLANG_WARN_INT_CONVERSION = YES;
				CLANG_WARN__DUPLICATE_METHOD_MATCH = YES;
				"CODE_SIGN_IDENTITY[sdk=iphoneos*]" = "iPhone Developer";
				COPY_PHASE_STRIP = NO;
				GCC_C_LANGUAGE_STANDARD = gnu99;
				GCC_DYNAMIC_NO_PIC = NO;
				GCC_OPTIMIZATION_LEVEL = 0;
				GCC_PREPROCESSOR_DEFINITIONS = (
					"DEBUG=1",
					"$(inherited)",
				);
				GCC_SYMBOLS_PRIVATE_EXTERN = NO;
				GCC_WARN_ABOUT_RETURN_TYPE = YES;
				GCC_WARN_UNINITIALIZED_AUTOS = YES;
				GCC_WARN_UNUSED_VARIABLE = YES;
				IPHONEOS_DEPLOYMENT_TARGET = 6.1;
				ONLY_ACTIVE_ARCH = YES;
				SDKROOT = iphoneos;
				TARGETED_DEVICE_FAMILY = "1,2";
			};
			name = Debug;
		};
		198F9C4B16F5685900316EC8 /* Release */ = {
			isa = XCBuildConfiguration;
			buildSettings = {
				ALWAYS_SEARCH_USER_PATHS = NO;
				CLANG_CXX_LANGUAGE_STANDARD = "gnu++0x";
				CLANG_CXX_LIBRARY = "libc++";
				CLANG_WARN_CONSTANT_CONVERSION = YES;
				CLANG_WARN_EMPTY_BODY = YES;
				CLANG_WARN_ENUM_CONVERSION = YES;
				CLANG_WARN_INT_CONVERSION = YES;
				CLANG_WARN__DUPLICATE_METHOD_MATCH = YES;
				"CODE_SIGN_IDENTITY[sdk=iphoneos*]" = "iPhone Developer";
				COPY_PHASE_STRIP = YES;
				GCC_C_LANGUAGE_STANDARD = gnu99;
				GCC_WARN_ABOUT_RETURN_TYPE = YES;
				GCC_WARN_UNINITIALIZED_AUTOS = YES;
				GCC_WARN_UNUSED_VARIABLE = YES;
				IPHONEOS_DEPLOYMENT_TARGET = 6.1;
				OTHER_CFLAGS = "-DNS_BLOCK_ASSERTIONS=1";
				SDKROOT = iphoneos;
				TARGETED_DEVICE_FAMILY = "1,2";
				VALIDATE_PRODUCT = YES;
			};
			name = Release;
		};
		198F9C4D16F5685900316EC8 /* Debug */ = {
			isa = XCBuildConfiguration;
			buildSettings = {
				ALWAYS_SEARCH_USER_PATHS = YES;
				GCC_PRECOMPILE_PREFIX_HEADER = YES;
				GCC_PREFIX_HEADER = "sys/01_project_skeleton-Prefix.pch";
				INFOPLIST_FILE = "$(SRCROOT)/sys/01_project_skeleton-Info.plist";
				PRODUCT_NAME = "$(TARGET_NAME)";
				USER_HEADER_SEARCH_PATHS = "/opt/local/include/**";
				WRAPPER_EXTENSION = app;
			};
			name = Debug;
		};
		198F9C4E16F5685900316EC8 /* Release */ = {
			isa = XCBuildConfiguration;
			buildSettings = {
				ALWAYS_SEARCH_USER_PATHS = YES;
				GCC_PRECOMPILE_PREFIX_HEADER = YES;
				GCC_PREFIX_HEADER = "sys/01_project_skeleton-Prefix.pch";
				INFOPLIST_FILE = "$(SRCROOT)/sys/01_project_skeleton-Info.plist";
				PRODUCT_NAME = "$(TARGET_NAME)";
				USER_HEADER_SEARCH_PATHS = "/opt/local/include/**";
				WRAPPER_EXTENSION = app;
			};
			name = Release;
		};
/* End XCBuildConfiguration section */

/* Begin XCConfigurationList section */
		198F9C1916F5685900316EC8 /* Build configuration list for PBXProject "03_matrices" */ = {
			isa = XCConfigurationList;
			buildConfigurations = (
				198F9C4A16F5685900316EC8 /* Debug */,
				198F9C4B16F5685900316EC8 /* Release */,
			);
			defaultConfigurationIsVisible = 0;
			defaultConfigurationName = Release;
		};
		198F9C4C16F5685900316EC8 /* Build configuration list for PBXNativeTarget "03_matrices" */ = {
			isa = XCConfigurationList;
			buildConfigurations = (
				198F9C4D16F5685900316EC8 /* Debug */,
				198F9C4E16F5685900316EC8 /* Release */,
			);
			defaultConfigurationIsVisible = 0;
			defaultConfigurationName = Release;
		};
/* End XCConfigurationList section */
	};
	rootObject = 198F9C1616F5685900316EC8 /* Project object */;
}
