<?xml version="1.0" encoding="utf-8"?>
<Project ToolsVersion="4.0" xmlns="http://schemas.microsoft.com/developer/msbuild/2003">
  <ItemGroup>
    <Filter Include="common">
      <UniqueIdentifier>{99b8bc00-eafd-4fc0-9f1c-e13f519249b5}</UniqueIdentifier>
    </Filter>
    <Filter Include="source">
      <UniqueIdentifier>{e5fcabed-d60f-40b4-b87f-aa83b624adf5}</UniqueIdentifier>
    </Filter>
    <Filter Include="resources">
      <UniqueIdentifier>{1134d475-c4f8-45ca-9697-d447037cbb8a}</UniqueIdentifier>
    </Filter>
  </ItemGroup>
  <ItemGroup>
    <ClCompile Include="platform_windows.cpp">
      <Filter>common</Filter>
    </ClCompile>
    <ClCompile Include="..\..\source\01_project_skeleton\source\Shader.cpp">
      <Filter>source</Filter>
    </ClCompile>
    <ClCompile Include="..\..\source\01_project_skeleton\source\main.cpp">
      <Filter>source</Filter>
    </ClCompile>
    <ClCompile Include="..\..\source\01_project_skeleton\source\Program.cpp">
      <Filter>source</Filter>
    </ClCompile>
    <ClCompile Include="..\..\source\common\thirdparty\glew\src\glew.c">
      <Filter>common</Filter>
    </ClCompile>
  </ItemGroup>
  <ItemGroup>
    <ClInclude Include="..\..\source\01_project_skeleton\source\Program.h">
      <Filter>source</Filter>
    </ClInclude>
    <ClInclude Include="..\..\source\01_project_skeleton\source\Shader.h">
      <Filter>source</Filter>
    </ClInclude>
  </ItemGroup>
  <ItemGroup>
    <Text Include="..\..\source\01_project_skeleton\resources\fragment-shader.txt">
      <Filter>resources</Filter>
    </Text>
    <Text Include="..\..\source\01_project_skeleton\resources\vertex-shader.txt">
      <Filter>resources</Filter>
    </Text>
  </ItemGroup>
</Project>