<?xml version="1.0" encoding="utf-8"?>
<Project ToolsVersion="4.0" xmlns="http://schemas.microsoft.com/developer/msbuild/2003">
  <ItemGroup>
    <Filter Include="common">
      <UniqueIdentifier>{99b8bc00-eafd-4fc0-9f1c-e13f519249b5}</UniqueIdentifier>
    </Filter>
    <Filter Include="source">
      <UniqueIdentifier>{e5fcabed-d60f-40b4-b87f-aa83b624adf5}</UniqueIdentifier>
    </Filter>
    <Filter Include="resources">
      <UniqueIdentifier>{1134d475-c4f8-45ca-9697-d447037cbb8a}</UniqueIdentifier>
    </Filter>
    <Filter Include="source\tdogl">
      <UniqueIdentifier>{13710458-7fe3-4eea-b3e2-18830915e250}</UniqueIdentifier>
    </Filter>
  </ItemGroup>
  <ItemGroup>
    <ClCompile Include="platform_windows.cpp">
      <Filter>common</Filter>
    </ClCompile>
    <ClCompile Include="..\..\source\common\thirdparty\glew\src\glew.c">
      <Filter>common</Filter>
    </ClCompile>
    <ClCompile Include="..\..\source\04_camera\source\tdogl\Camera.cpp">
      <Filter>source\tdogl</Filter>
    </ClCompile>
    <ClCompile Include="..\..\source\04_camera\source\tdogl\Program.cpp">
      <Filter>source\tdogl</Filter>
    </ClCompile>
    <ClCompile Include="..\..\source\04_camera\source\tdogl\Shader.cpp">
      <Filter>source\tdogl</Filter>
    </ClCompile>
    <ClCompile Include="..\..\source\04_camera\source\tdogl\Texture.cpp">
      <Filter>source\tdogl</Filter>
    </ClCompile>
    <ClCompile Include="..\..\source\04_camera\source\tdogl\Bitmap.cpp">
      <Filter>source\tdogl</Filter>
    </ClCompile>
    <ClCompile Include="..\..\source\04_camera\source\main.cpp">
      <Filter>source</Filter>
    </ClCompile>
  </ItemGroup>
  <ItemGroup>
    <ClInclude Include="..\..\source\04_camera\source\tdogl\Bitmap.h">
      <Filter>source\tdogl</Filter>
    </ClInclude>
    <ClInclude Include="..\..\source\04_camera\source\tdogl\Camera.h">
      <Filter>source\tdogl</Filter>
    </ClInclude>
    <ClInclude Include="..\..\source\04_camera\source\tdogl\Program.h">
      <Filter>source\tdogl</Filter>
    </ClInclude>
    <ClInclude Include="..\..\source\04_camera\source\tdogl\Shader.h">
      <Filter>source\tdogl</Filter>
    </ClInclude>
    <ClInclude Include="..\..\source\04_camera\source\tdogl\Texture.h">
      <Filter>source\tdogl</Filter>
    </ClInclude>
  </ItemGroup>
  <ItemGroup>
    <Text Include="..\..\source\04_camera\resources\vertex-shader.txt">
      <Filter>resources</Filter>
    </Text>
    <Text Include="..\..\source\04_camera\resources\fragment-shader.txt">
      <Filter>resources</Filter>
    </Text>
  </ItemGroup>
  <ItemGroup>
    <Image Include="..\..\source\04_camera\resources\wooden-crate.jpg">
      <Filter>resources</Filter>
    </Image>
  </ItemGroup>
</Project>